
Microsoft Visual Studio Solution File, Format Version 12.00
# Visual Studio Version 17
VisualStudioVersion = 17.2.32616.157
MinimumVisualStudioVersion = 10.0.40219.1
Project("{9A19103F-16F7-4668-BE54-9A1E7A4F7556}") = "ProyectoFinal", "MiPrimeraApi\ProyectoFinal.csproj", "{F4DAA2B6-F4DB-4CB0-BD19-A1E18BA45474}"
EndProject
Global
	GlobalSection(SolutionConfigurationPlatforms) = preSolution
		Debug|Any CPU = Debug|Any CPU
		Release|Any CPU = Release|Any CPU
	EndGlobalSection
	GlobalSection(ProjectConfigurationPlatforms) = postSolution
		{F4DAA2B6-F4DB-4CB0-BD19-A1E18BA45474}.Debug|Any CPU.ActiveCfg = Debug|Any CPU
		{F4DAA2B6-F4DB-4CB0-BD19-A1E18BA45474}.Debug|Any CPU.Build.0 = Debug|Any CPU
		{F4DAA2B6-F4DB-4CB0-BD19-A1E18BA45474}.Release|Any CPU.ActiveCfg = Release|Any CPU
		{F4DAA2B6-F4DB-4CB0-BD19-A1E18BA45474}.Release|Any CPU.Build.0 = Release|Any CPU
	EndGlobalSection
	GlobalSection(SolutionProperties) = preSolution
		HideSolutionNode = FALSE
	EndGlobalSection
	GlobalSection(ExtensibilityGlobals) = postSolution
		SolutionGuid = {00FC4F7B-515B-4FBF-AB1C-9B62D073BF40}
	EndGlobalSection
EndGlobal
